
Microsoft Visual Studio Solution File, Format Version 12.00
# Visual Studio 2015
Project("{FAE04EC0-301F-11D3-BF4B-00C04F79EFBC}") = "Test_2", "Test_2.csproj", "{A3FE8048-2AC8-96D7-3C85-6F3D0FFE56D2}"
EndProject
Project("{FAE04EC0-301F-11D3-BF4B-00C04F79EFBC}") = "Test_2.Editor", "Test_2.Editor.csproj", "{222AA673-A3B9-C26D-CE46-25E118DCDE95}"
EndProject
Global
	GlobalSection(SolutionConfigurationPlatforms) = preSolution
		Debug|Any CPU = Debug|Any CPU
		Release|Any CPU = Release|Any CPU
	EndGlobalSection
	GlobalSection(ProjectConfigurationPlatforms) = postSolution
		{A3FE8048-2AC8-96D7-3C85-6F3D0FFE56D2}.Debug|Any CPU.ActiveCfg = Debug|Any CPU
		{A3FE8048-2AC8-96D7-3C85-6F3D0FFE56D2}.Debug|Any CPU.Build.0 = Debug|Any CPU
		{A3FE8048-2AC8-96D7-3C85-6F3D0FFE56D2}.Release|Any CPU.ActiveCfg = Release|Any CPU
		{A3FE8048-2AC8-96D7-3C85-6F3D0FFE56D2}.Release|Any CPU.Build.0 = Release|Any CPU
		{222AA673-A3B9-C26D-CE46-25E118DCDE95}.Debug|Any CPU.ActiveCfg = Debug|Any CPU
		{222AA673-A3B9-C26D-CE46-25E118DCDE95}.Debug|Any CPU.Build.0 = Debug|Any CPU
		{222AA673-A3B9-C26D-CE46-25E118DCDE95}.Release|Any CPU.ActiveCfg = Release|Any CPU
		{222AA673-A3B9-C26D-CE46-25E118DCDE95}.Release|Any CPU.Build.0 = Release|Any CPU
	EndGlobalSection
	GlobalSection(SolutionProperties) = preSolution
		HideSolutionNode = FALSE
	EndGlobalSection
EndGlobal
